
Microsoft Visual Studio Solution File, Format Version 12.00
# Visual Studio 2012
Project("{FAE04EC0-301F-11D3-BF4B-00C04F79EFBC}") = "ConsoleApplication2", "ConsoleApplication2\ConsoleApplication2.csproj", "{9E20064B-D77B-4A77-87FF-903EBD85F0F2}"
EndProject
Global
	GlobalSection(SolutionConfigurationPlatforms) = preSolution
		Debug|Any CPU = Debug|Any CPU
		Release|Any CPU = Release|Any CPU
	EndGlobalSection
	GlobalSection(ProjectConfigurationPlatforms) = postSolution
		{9E20064B-D77B-4A77-87FF-903EBD85F0F2}.Debug|Any CPU.ActiveCfg = Debug|Any CPU
		{9E20064B-D77B-4A77-87FF-903EBD85F0F2}.Debug|Any CPU.Build.0 = Debug|Any CPU
		{9E20064B-D77B-4A77-87FF-903EBD85F0F2}.Release|Any CPU.ActiveCfg = Release|Any CPU
		{9E20064B-D77B-4A77-87FF-903EBD85F0F2}.Release|Any CPU.Build.0 = Release|Any CPU
	EndGlobalSection
	GlobalSection(SolutionProperties) = preSolution
		HideSolutionNode = FALSE
	EndGlobalSection
EndGlobal
